
Microsoft Visual Studio Solution File, Format Version 12.00
Project("{FAE04EC0-301F-11D3-BF4B-00C04F79EFBC}") = "spa", "spa\spa.csproj", "{35640E33-1ED1-4F01-9D61-A5993A4E7A0D}"
EndProject
Global
	GlobalSection(SolutionConfigurationPlatforms) = preSolution
		Debug|Any CPU = Debug|Any CPU
		Release|Any CPU = Release|Any CPU
	EndGlobalSection
	GlobalSection(ProjectConfigurationPlatforms) = postSolution
		{35640E33-1ED1-4F01-9D61-A5993A4E7A0D}.Debug|Any CPU.ActiveCfg = Debug|Any CPU
		{35640E33-1ED1-4F01-9D61-A5993A4E7A0D}.Debug|Any CPU.Build.0 = Debug|Any CPU
		{35640E33-1ED1-4F01-9D61-A5993A4E7A0D}.Release|Any CPU.ActiveCfg = Release|Any CPU
		{35640E33-1ED1-4F01-9D61-A5993A4E7A0D}.Release|Any CPU.Build.0 = Release|Any CPU
	EndGlobalSection
EndGlobal
